
Microsoft Visual Studio Solution File, Format Version 12.00
Project("{FAE04EC0-301F-11D3-BF4B-00C04F79EFBC}") = "Day01", "Day01\Day01.csproj", "{B57AF8A9-EEF9-4EBA-9EB7-D796D619E3CD}"
EndProject
Project("{FAE04EC0-301F-11D3-BF4B-00C04F79EFBC}") = "Day02", "Day02\Day02.csproj", "{87A65DCD-7982-4832-BF71-00384DA0F9AB}"
EndProject
Project("{FAE04EC0-301F-11D3-BF4B-00C04F79EFBC}") = "Day03", "Day03\Day03.csproj", "{F21A2ACF-202B-4D97-828F-376D80865CF9}"
EndProject
Global
	GlobalSection(SolutionConfigurationPlatforms) = preSolution
		Debug|Any CPU = Debug|Any CPU
		Release|Any CPU = Release|Any CPU
	EndGlobalSection
	GlobalSection(ProjectConfigurationPlatforms) = postSolution
		{B57AF8A9-EEF9-4EBA-9EB7-D796D619E3CD}.Debug|Any CPU.ActiveCfg = Debug|Any CPU
		{B57AF8A9-EEF9-4EBA-9EB7-D796D619E3CD}.Debug|Any CPU.Build.0 = Debug|Any CPU
		{B57AF8A9-EEF9-4EBA-9EB7-D796D619E3CD}.Release|Any CPU.ActiveCfg = Release|Any CPU
		{B57AF8A9-EEF9-4EBA-9EB7-D796D619E3CD}.Release|Any CPU.Build.0 = Release|Any CPU
		{87A65DCD-7982-4832-BF71-00384DA0F9AB}.Debug|Any CPU.ActiveCfg = Debug|Any CPU
		{87A65DCD-7982-4832-BF71-00384DA0F9AB}.Debug|Any CPU.Build.0 = Debug|Any CPU
		{87A65DCD-7982-4832-BF71-00384DA0F9AB}.Release|Any CPU.ActiveCfg = Release|Any CPU
		{87A65DCD-7982-4832-BF71-00384DA0F9AB}.Release|Any CPU.Build.0 = Release|Any CPU
		{F21A2ACF-202B-4D97-828F-376D80865CF9}.Debug|Any CPU.ActiveCfg = Debug|Any CPU
		{F21A2ACF-202B-4D97-828F-376D80865CF9}.Debug|Any CPU.Build.0 = Debug|Any CPU
		{F21A2ACF-202B-4D97-828F-376D80865CF9}.Release|Any CPU.ActiveCfg = Release|Any CPU
		{F21A2ACF-202B-4D97-828F-376D80865CF9}.Release|Any CPU.Build.0 = Release|Any CPU
	EndGlobalSection
EndGlobal
